
Microsoft Visual Studio Solution File, Format Version 12.00
# Visual Studio Version 17
VisualStudioVersion = 17.1.32421.90
MinimumVisualStudioVersion = 10.0.40219.1
Project("{778DAE3C-4631-46EA-AA77-85C1314464D9}") = "VSCQuickThemer", "Themer\VSCQuickThemer.vbproj", "{63BE5640-ADE2-4298-8D86-A377530F42E6}"
EndProject
Project("{9A19103F-16F7-4668-BE54-9A1E7A4F7556}") = "ThemeFunctions", "ThemeFunctions\ThemeFunctions.csproj", "{7783D9E5-2E14-48EF-ADEB-B701FDEA2ECE}"
EndProject
Project("{9A19103F-16F7-4668-BE54-9A1E7A4F7556}") = "ThemeConverter", "theme-converter-for-vs\ThemeConverter\ThemeConverter\ThemeConverter.csproj", "{697310A8-5CE6-4EC6-AA79-7797D33894EF}"
EndProject
Global
	GlobalSection(SolutionConfigurationPlatforms) = preSolution
		Debug|Any CPU = Debug|Any CPU
		Release|Any CPU = Release|Any CPU
	EndGlobalSection
	GlobalSection(ProjectConfigurationPlatforms) = postSolution
		{63BE5640-ADE2-4298-8D86-A377530F42E6}.Debug|Any CPU.ActiveCfg = Debug|Any CPU
		{63BE5640-ADE2-4298-8D86-A377530F42E6}.Debug|Any CPU.Build.0 = Debug|Any CPU
		{63BE5640-ADE2-4298-8D86-A377530F42E6}.Release|Any CPU.ActiveCfg = Release|Any CPU
		{63BE5640-ADE2-4298-8D86-A377530F42E6}.Release|Any CPU.Build.0 = Release|Any CPU
		{7783D9E5-2E14-48EF-ADEB-B701FDEA2ECE}.Debug|Any CPU.ActiveCfg = Debug|Any CPU
		{7783D9E5-2E14-48EF-ADEB-B701FDEA2ECE}.Debug|Any CPU.Build.0 = Debug|Any CPU
		{7783D9E5-2E14-48EF-ADEB-B701FDEA2ECE}.Release|Any CPU.ActiveCfg = Release|Any CPU
		{7783D9E5-2E14-48EF-ADEB-B701FDEA2ECE}.Release|Any CPU.Build.0 = Release|Any CPU
		{697310A8-5CE6-4EC6-AA79-7797D33894EF}.Debug|Any CPU.ActiveCfg = Debug|Any CPU
		{697310A8-5CE6-4EC6-AA79-7797D33894EF}.Debug|Any CPU.Build.0 = Debug|Any CPU
		{697310A8-5CE6-4EC6-AA79-7797D33894EF}.Release|Any CPU.ActiveCfg = Release|Any CPU
		{697310A8-5CE6-4EC6-AA79-7797D33894EF}.Release|Any CPU.Build.0 = Release|Any CPU
	EndGlobalSection
	GlobalSection(SolutionProperties) = preSolution
		HideSolutionNode = FALSE
	EndGlobalSection
	GlobalSection(ExtensibilityGlobals) = postSolution
		SolutionGuid = {E838B3AD-F4AD-4430-8508-11274DB0A496}
	EndGlobalSection
EndGlobal
